{
    "name": "myPackage",
    "lockfileVersion": 2,
    "requires": true,
    "packages": {
        "": {
            "dependencies": {
                "@wnrnal3012/study-test-jihye": "^0.1.1"
            }
        },
        "node_modules/@wnrnal3012/study-test-jihye": {
            "version": "0.1.2",
            "resolved": "https://registry.npmjs.org/@wnrnal3012/study-test-jihye/-/study-test-jihye-0.1.2.tgz",
            "integrity": "sha512-NNHZ2p4cRrtyeqLrFWpkTQ3DCmrBLEVANCa0WqmOKmeMKiOkICXFsd+2qCcCU/f2E+Mp/8A1XNDs96oKN9luBA=="
        },
        "test-pkg": {
            "name": "@wnrnal3012/study-test-jihye",
            "version": "0.1.1",
            "extraneous": true
        }
    },
    "dependencies": {
        "@wnrnal3012/study-test-jihye": {
            "version": "0.1.2",
            "resolved": "https://registry.npmjs.org/@wnrnal3012/study-test-jihye/-/study-test-jihye-0.1.2.tgz",
            "integrity": "sha512-NNHZ2p4cRrtyeqLrFWpkTQ3DCmrBLEVANCa0WqmOKmeMKiOkICXFsd+2qCcCU/f2E+Mp/8A1XNDs96oKN9luBA=="
        }
    }
}
